
Microsoft Visual Studio Solution File, Format Version 12.00
# Visual Studio Version 16
VisualStudioVersion = 16.0.31112.23
MinimumVisualStudioVersion = 10.0.40219.1
Project("{FAE04EC0-301F-11D3-BF4B-00C04F79EFBC}") = "Eproject-Online-floral-delivery", "Eproject-Online-floral-delivery\Eproject-Online-floral-delivery.csproj", "{332C87EE-5A53-4439-9520-277A6BD0A524}"
EndProject
Global
	GlobalSection(SolutionConfigurationPlatforms) = preSolution
		Debug|Any CPU = Debug|Any CPU
		Release|Any CPU = Release|Any CPU
	EndGlobalSection
	GlobalSection(ProjectConfigurationPlatforms) = postSolution
		{332C87EE-5A53-4439-9520-277A6BD0A524}.Debug|Any CPU.ActiveCfg = Debug|Any CPU
		{332C87EE-5A53-4439-9520-277A6BD0A524}.Debug|Any CPU.Build.0 = Debug|Any CPU
		{332C87EE-5A53-4439-9520-277A6BD0A524}.Release|Any CPU.ActiveCfg = Release|Any CPU
		{332C87EE-5A53-4439-9520-277A6BD0A524}.Release|Any CPU.Build.0 = Release|Any CPU
	EndGlobalSection
	GlobalSection(SolutionProperties) = preSolution
		HideSolutionNode = FALSE
	EndGlobalSection
	GlobalSection(ExtensibilityGlobals) = postSolution
		SolutionGuid = {5F1A592A-8E4D-46DD-9ECA-C387ADA8B41F}
	EndGlobalSection
EndGlobal
